# THIS IS AN AUTOGENERATED FILE. DO NOT EDIT THIS FILE DIRECTLY.
# yarn lockfile v1


chroma-js@^2.0.2:
  version "2.0.2"
  resolved "https://registry.yarnpkg.com/chroma-js/-/chroma-js-2.0.2.tgz#507bfe0e22da9c30673ffc4532c8ca6b4f2926db"
  integrity sha512-VtDXaYcaDr45wheOXasIs4S4IWEjpqh74UfQA0TwoLuBR7TG12ztmjj9JqTIe1sgzVTMDNwSPEJYcw/jYK2TSw==

easing-coordinates@^2.0.2:
  version "2.0.2"
  resolved "https://registry.yarnpkg.com/easing-coordinates/-/easing-coordinates-2.0.2.tgz#54e5a7f02762b18a0de33460495f6c90a4d0a6b8"
  integrity sha512-uQpJaLQX2CKVnN27YvN4sL4pXyEFGAv00y4zgrC46H0EBHrDhJc/8OsT2CQ5/6yz6+d+u8ACGd9bo4v83FNVlg==

ramda@^0.26.1:
  version "0.26.1"
  resolved "https://registry.yarnpkg.com/ramda/-/ramda-0.26.1.tgz#8d41351eb8111c55353617fc3bbffad8e4d35d06"
  integrity sha512-hLWjpy7EnsDBb0p+Z3B7rPi3GDeRG5ZtiI33kJhTt+ORCd38AbAIjB/9zRIUoeTbE/AVX5ZkU7m6bznsvrf8eQ==

"tailwind-easing-gradients@git+https://git@github.com/magicspon/tailwind-easing-gradients":
  version "1.0.0"
  resolved "git+https://git@github.com/magicspon/tailwind-easing-gradients#2f3ee2c640e442c8cee1f94a56e0fad9db5805a7"
  dependencies:
    chroma-js "^2.0.2"
    easing-coordinates "^2.0.2"
    ramda "^0.26.1"
